PODS:
  - HydraAsync (1.2.1)
  - Katana (3.0.2):
    - HydraAsync (~> 1.2)
  - PinLayout (1.8.13)
  - Tempura (4.1.2):
    - Katana (< 4, >= 3.0)

DEPENDENCIES:
  - Katana
  - PinLayout
  - Tempura

SPEC REPOS:
  trunk:
    - HydraAsync
    - Katana
    - PinLayout
    - Tempura

SPEC CHECKSUMS:
  HydraAsync: 8f2ab62d57e140b4ca587ae0f66e1eb04e8e6965
  Katana: e22d5b5da00f593cc7ca5bd16a091278356ebb3d
  PinLayout: e41a50260a76508b7a7fcee8955c76639adc69bc
  Tempura: eb5426b9ae795fd2c83f6c5809dba824959a30eb

PODFILE CHECKSUM: 455991338b74836b29a29e86a88f3d4df35bb3a5

COCOAPODS: 1.8.4
